
Microsoft Visual Studio Solution File, Format Version 12.00
# Visual Studio Version 16
VisualStudioVersion = 25.0.1706.5
MinimumVisualStudioVersion = 10.0.40219.1
Project("{FAE04EC0-301F-11D3-BF4B-00C04F79EFBC}") = "Contacts_MAUI", "Contacts_MAUI\Contacts_MAUI.csproj", "{D12B3F16-3993-4F6D-AA2F-21EBCC7AAD2D}"
EndProject
Project("{FAE04EC0-301F-11D3-BF4B-00C04F79EFBC}") = "Contacts_MAUI_Tests", "Contacts_MAUI_Tests\Contacts_MAUI_Tests.csproj", "{18937EEB-A9F7-4C79-909E-6D852D3B8FEA}"
EndProject
Global
	GlobalSection(SolutionConfigurationPlatforms) = preSolution
		Debug|Any CPU = Debug|Any CPU
		Release|Any CPU = Release|Any CPU
	EndGlobalSection
	GlobalSection(ProjectConfigurationPlatforms) = postSolution
		{D12B3F16-3993-4F6D-AA2F-21EBCC7AAD2D}.Debug|Any CPU.ActiveCfg = Debug|Any CPU
		{D12B3F16-3993-4F6D-AA2F-21EBCC7AAD2D}.Debug|Any CPU.Build.0 = Debug|Any CPU
		{D12B3F16-3993-4F6D-AA2F-21EBCC7AAD2D}.Release|Any CPU.ActiveCfg = Release|Any CPU
		{D12B3F16-3993-4F6D-AA2F-21EBCC7AAD2D}.Release|Any CPU.Build.0 = Release|Any CPU
		{18937EEB-A9F7-4C79-909E-6D852D3B8FEA}.Debug|Any CPU.ActiveCfg = Debug|Any CPU
		{18937EEB-A9F7-4C79-909E-6D852D3B8FEA}.Debug|Any CPU.Build.0 = Debug|Any CPU
		{18937EEB-A9F7-4C79-909E-6D852D3B8FEA}.Release|Any CPU.ActiveCfg = Release|Any CPU
		{18937EEB-A9F7-4C79-909E-6D852D3B8FEA}.Release|Any CPU.Build.0 = Release|Any CPU
	EndGlobalSection
	GlobalSection(SolutionProperties) = preSolution
		HideSolutionNode = FALSE
	EndGlobalSection
	GlobalSection(ExtensibilityGlobals) = postSolution
		SolutionGuid = {3189F980-99DE-4824-8A0F-23610F5CA2FF}
	EndGlobalSection
EndGlobal
